// !$*UTF8*$!
{
	archiveVersion = 1;
	classes = {
	};
	objectVersion = 50;
	objects = {

/* Begin PBXBuildFile section */
		54E4755221071DE1008EF11D /* AppDelegate.swift in Sources */ = {isa = PBXBuildFile; fileRef = 54E4755121071DE1008EF11D /* AppDelegate.swift */; };
		54E4755421071DE1008EF11D /* ViewController.swift in Sources */ = {isa = PBXBuildFile; fileRef = 54E4755321071DE1008EF11D /* ViewController.swift */; };
		54E4755721071DE1008EF11D /* Main.storyboard in Resources */ = {isa = PBXBuildFile; fileRef = 54E4755521071DE1008EF11D /* Main.storyboard */; };
		54E4755921071DE2008EF11D /* Assets.xcassets in Resources */ = {isa = PBXBuildFile; fileRef = 54E4755821071DE2008EF11D /* Assets.xcassets */; };
		54E4755C21071DE2008EF11D /* LaunchScreen.storyboard in Resources */ = {isa = PBXBuildFile; fileRef = 54E4755A21071DE2008EF11D /* LaunchScreen.storyboard */; };
		54E4756721071DE2008EF11D /* UnitTest99Tests.swift in Sources */ = {isa = PBXBuildFile; fileRef = 54E4756621071DE2008EF11D /* UnitTest99Tests.swift */; };
		54E475722107202B008EF11D /* C99Game.swift in Sources */ = {isa = PBXBuildFile; fileRef = 54E475712107202B008EF11D /* C99Game.swift */; };
		54E475732107202B008EF11D /* C99Game.swift in Sources */ = {isa = PBXBuildFile; fileRef = 54E475712107202B008EF11D /* C99Game.swift */; };
/* End PBXBuildFile section */

/* Begin PBXContainerItemProxy section */
		54E4756321071DE2008EF11D /* PBXContainerItemProxy */ = {
			isa = PBXContainerItemProxy;
			containerPortal = 54E4754621071DE0008EF11D /* Project object */;
			proxyType = 1;
			remoteGlobalIDString = 54E4754D21071DE0008EF11D;
			remoteInfo = UnitTest99;
		};
/* End PBXContainerItemProxy section */

/* Begin PBXFileReference section */
		54E4754E21071DE0008EF11D /* UnitTest99.app */ = {isa = PBXFileReference; explicitFileType = wrapper.application; includeInIndex = 0; path = UnitTest99.app; sourceTree = BUILT_PRODUCTS_DIR; };
		54E4755121071DE1008EF11D /* AppDelegate.swift */ = {isa = PBXFileReference; lastKnownFileType = sourcecode.swift; path = AppDelegate.swift; sourceTree = "<group>"; };
		54E4755321071DE1008EF11D /* ViewController.swift */ = {isa = PBXFileReference; lastKnownFileType = sourcecode.swift; path = ViewController.swift; sourceTree = "<group>"; };
		54E4755621071DE1008EF11D /* Base */ = {isa = PBXFileReference; lastKnownFileType = file.storyboard; name = Base; path = Base.lproj/Main.storyboard; sourceTree = "<group>"; };
		54E4755821071DE2008EF11D /* Assets.xcassets */ = {isa = PBXFileReference; lastKnownFileType = folder.assetcatalog; path = Assets.xcassets; sourceTree = "<group>"; };
		54E4755B21071DE2008EF11D /* Base */ = {isa = PBXFileReference; lastKnownFileType = file.storyboard; name = Base; path = Base.lproj/LaunchScreen.storyboard; sourceTree = "<group>"; };
		54E4755D21071DE2008EF11D /* Info.plist */ = {isa = PBXFileReference; lastKnownFileType = text.plist.xml; path = Info.plist; sourceTree = "<group>"; };
		54E4756221071DE2008EF11D /* UnitTest99Tests.xctest */ = {isa = PBXFileReference; explicitFileType = wrapper.cfbundle; includeInIndex = 0; path = UnitTest99Tests.xctest; sourceTree = BUILT_PRODUCTS_DIR; };
		54E4756621071DE2008EF11D /* UnitTest99Tests.swift */ = {isa = PBXFileReference; lastKnownFileType = sourcecode.swift; path = UnitTest99Tests.swift; sourceTree = "<group>"; };
		54E4756821071DE2008EF11D /* Info.plist */ = {isa = PBXFileReference; lastKnownFileType = text.plist.xml; path = Info.plist; sourceTree = "<group>"; };
		54E475712107202B008EF11D /* C99Game.swift */ = {isa = PBXFileReference; lastKnownFileType = sourcecode.swift; path = C99Game.swift; sourceTree = "<group>"; };
/* End PBXFileReference section */

/* Begin PBXFrameworksBuildPhase section */
		54E4754B21071DE0008EF11D /* Frameworks */ = {
			isa = PBXFrameworksBuildPhase;
			buildActionMask = 2147483647;
			files = (
			);
			runOnlyForDeploymentPostprocessing = 0;
		};
		54E4755F21071DE2008EF11D /* Frameworks */ = {
			isa = PBXFrameworksBuildPhase;
			buildActionMask = 2147483647;
			files = (
			);
			runOnlyForDeploymentPostprocessing = 0;
		};
/* End PBXFrameworksBuildPhase section */

/* Begin PBXGroup section */
		54E4754521071DE0008EF11D = {
			isa = PBXGroup;
			children = (
				54E4755021071DE0008EF11D /* UnitTest99 */,
				54E4756521071DE2008EF11D /* UnitTest99Tests */,
				54E4754F21071DE0008EF11D /* Products */,
			);
			sourceTree = "<group>";
		};
		54E4754F21071DE0008EF11D /* Products */ = {
			isa = PBXGroup;
			children = (
				54E4754E21071DE0008EF11D /* UnitTest99.app */,
				54E4756221071DE2008EF11D /* UnitTest99Tests.xctest */,
			);
			name = Products;
			sourceTree = "<group>";
		};
		54E4755021071DE0008EF11D /* UnitTest99 */ = {
			isa = PBXGroup;
			children = (
				54E475712107202B008EF11D /* C99Game.swift */,
				54E4755121071DE1008EF11D /* AppDelegate.swift */,
				54E4755321071DE1008EF11D /* ViewController.swift */,
				54E4755521071DE1008EF11D /* Main.storyboard */,
				54E4755821071DE2008EF11D /* Assets.xcassets */,
				54E4755A21071DE2008EF11D /* LaunchScreen.storyboard */,
				54E4755D21071DE2008EF11D /* Info.plist */,
			);
			path = UnitTest99;
			sourceTree = "<group>";
		};
		54E4756521071DE2008EF11D /* UnitTest99Tests */ = {
			isa = PBXGroup;
			children = (
				54E4756621071DE2008EF11D /* UnitTest99Tests.swift */,
				54E4756821071DE2008EF11D /* Info.plist */,
			);
			path = UnitTest99Tests;
			sourceTree = "<group>";
		};
/* End PBXGroup section */

/* Begin PBXNativeTarget section */
		54E4754D21071DE0008EF11D /* UnitTest99 */ = {
			isa = PBXNativeTarget;
			buildConfigurationList = 54E4756B21071DE2008EF11D /* Build configuration list for PBXNativeTarget "UnitTest99" */;
			buildPhases = (
				54E4754A21071DE0008EF11D /* Sources */,
				54E4754B21071DE0008EF11D /* Frameworks */,
				54E4754C21071DE0008EF11D /* Resources */,
			);
			buildRules = (
			);
			dependencies = (
			);
			name = UnitTest99;
			productName = UnitTest99;
			productReference = 54E4754E21071DE0008EF11D /* UnitTest99.app */;
			productType = "com.apple.product-type.application";
		};
		54E4756121071DE2008EF11D /* UnitTest99Tests */ = {
			isa = PBXNativeTarget;
			buildConfigurationList = 54E4756E21071DE2008EF11D /* Build configuration list for PBXNativeTarget "UnitTest99Tests" */;
			buildPhases = (
				54E4755E21071DE2008EF11D /* Sources */,
				54E4755F21071DE2008EF11D /* Frameworks */,
				54E4756021071DE2008EF11D /* Resources */,
			);
			buildRules = (
			);
			dependencies = (
				54E4756421071DE2008EF11D /* PBXTargetDependency */,
			);
			name = UnitTest99Tests;
			productName = UnitTest99Tests;
			productReference = 54E4756221071DE2008EF11D /* UnitTest99Tests.xctest */;
			productType = "com.apple.product-type.bundle.unit-test";
		};
/* End PBXNativeTarget section */

/* Begin PBXProject section */
		54E4754621071DE0008EF11D /* Project object */ = {
			isa = PBXProject;
			attributes = {
				LastSwiftUpdateCheck = 0940;
				LastUpgradeCheck = 0940;
				ORGANIZATIONNAME = "鍾家豪";
				TargetAttributes = {
					54E4754D21071DE0008EF11D = {
						CreatedOnToolsVersion = 9.4.1;
					};
					54E4756121071DE2008EF11D = {
						CreatedOnToolsVersion = 9.4.1;
						TestTargetID = 54E4754D21071DE0008EF11D;
					};
				};
			};
			buildConfigurationList = 54E4754921071DE0008EF11D /* Build configuration list for PBXProject "UnitTest99" */;
			compatibilityVersion = "Xcode 9.3";
			developmentRegion = en;
			hasScannedForEncodings = 0;
			knownRegions = (
				en,
				Base,
			);
			mainGroup = 54E4754521071DE0008EF11D;
			productRefGroup = 54E4754F21071DE0008EF11D /* Products */;
			projectDirPath = "";
			projectRoot = "";
			targets = (
				54E4754D21071DE0008EF11D /* UnitTest99 */,
				54E4756121071DE2008EF11D /* UnitTest99Tests */,
			);
		};
/* End PBXProject section */

/* Begin PBXResourcesBuildPhase section */
		54E4754C21071DE0008EF11D /* Resources */ = {
			isa = PBXResourcesBuildPhase;
			buildActionMask = 2147483647;
			files = (
				54E4755C21071DE2008EF11D /* LaunchScreen.storyboard in Resources */,
				54E4755921071DE2008EF11D /* Assets.xcassets in Resources */,
				54E4755721071DE1008EF11D /* Main.storyboard in Resources */,
			);
			runOnlyForDeploymentPostprocessing = 0;
		};
		54E4756021071DE2008EF11D /* Resources */ = {
			isa = PBXResourcesBuildPhase;
			buildActionMask = 2147483647;
			files = (
			);
			runOnlyForDeploymentPostprocessing = 0;
		};
/* End PBXResourcesBuildPhase section */

/* Begin PBXSourcesBuildPhase section */
		54E4754A21071DE0008EF11D /* Sources */ = {
			isa = PBXSourcesBuildPhase;
			buildActionMask = 2147483647;
			files = (
				54E4755421071DE1008EF11D /* ViewController.swift in Sources */,
				54E475722107202B008EF11D /* C99Game.swift in Sources */,
				54E4755221071DE1008EF11D /* AppDelegate.swift in Sources */,
			);
			runOnlyForDeploymentPostprocessing = 0;
		};
		54E4755E21071DE2008EF11D /* Sources */ = {
			isa = PBXSourcesBuildPhase;
			buildActionMask = 2147483647;
			files = (
				54E4756721071DE2008EF11D /* UnitTest99Tests.swift in Sources */,
				54E475732107202B008EF11D /* C99Game.swift in Sources */,
			);
			runOnlyForDeploymentPostprocessing = 0;
		};
/* End PBXSourcesBuildPhase section */

/* Begin PBXTargetDependency section */
		54E4756421071DE2008EF11D /* PBXTargetDependency */ = {
			isa = PBXTargetDependency;
			target = 54E4754D21071DE0008EF11D /* UnitTest99 */;
			targetProxy = 54E4756321071DE2008EF11D /* PBXContainerItemProxy */;
		};
/* End PBXTargetDependency section */

/* Begin PBXVariantGroup section */
		54E4755521071DE1008EF11D /* Main.storyboard */ = {
			isa = PBXVariantGroup;
			children = (
				54E4755621071DE1008EF11D /* Base */,
			);
			name = Main.storyboard;
			sourceTree = "<group>";
		};
		54E4755A21071DE2008EF11D /* LaunchScreen.storyboard */ = {
			isa = PBXVariantGroup;
			children = (
				54E4755B21071DE2008EF11D /* Base */,
			);
			name = LaunchScreen.storyboard;
			sourceTree = "<group>";
		};
/* End PBXVariantGroup section */

/* Begin XCBuildConfiguration section */
		54E4756921071DE2008EF11D /* Debug */ = {
			isa = XCBuildConfiguration;
			buildSettings = {
				ALWAYS_SEARCH_USER_PATHS = NO;
				CLANG_ANALYZER_NONNULL = YES;
				CLANG_ANALYZER_NUMBER_OBJECT_CONVERSION = YES_AGGRESSIVE;
				CLANG_CXX_LANGUAGE_STANDARD = "gnu++14";
				CLANG_CXX_LIBRARY = "libc++";
				CLANG_ENABLE_MODULES = YES;
				CLANG_ENABLE_OBJC_ARC = YES;
				CLANG_ENABLE_OBJC_WEAK = YES;
				CLANG_WARN_BLOCK_CAPTURE_AUTORELEASING = YES;
				CLANG_WARN_BOOL_CONVERSION = YES;
				CLANG_WARN_COMMA = YES;
				CLANG_WARN_CONSTANT_CONVERSION = YES;
				CLANG_WARN_DEPRECATED_OBJC_IMPLEMENTATIONS = YES;
				CLANG_WARN_DIRECT_OBJC_ISA_USAGE = YES_ERROR;
				CLANG_WARN_DOCUMENTATION_COMMENTS = YES;
				CLANG_WARN_EMPTY_BODY = YES;
				CLANG_WARN_ENUM_CONVERSION = YES;
				CLANG_WARN_INFINITE_RECURSION = YES;
				CLANG_WARN_INT_CONVERSION = YES;
				CLANG_WARN_NON_LITERAL_NULL_CONVERSION = YES;
				CLANG_WARN_OBJC_IMPLICIT_RETAIN_SELF = YES;
				CLANG_WARN_OBJC_LITERAL_CONVERSION = YES;
				CLANG_WARN_OBJC_ROOT_CLASS = YES_ERROR;
				CLANG_WARN_RANGE_LOOP_ANALYSIS = YES;
				CLANG_WARN_STRICT_PROTOTYPES = YES;
				CLANG_WARN_SUSPICIOUS_MOVE = YES;
				CLANG_WARN_UNGUARDED_AVAILABILITY = YES_AGGRESSIVE;
				CLANG_WARN_UNREACHABLE_CODE = YES;
				CLANG_WARN__DUPLICATE_METHOD_MATCH = YES;
				CODE_SIGN_IDENTITY = "iPhone Developer";
				COPY_PHASE_STRIP = NO;
				DEBUG_INFORMATION_FORMAT = dwarf;
				ENABLE_STRICT_OBJC_MSGSEND = YES;
				ENABLE_TESTABILITY = YES;
				GCC_C_LANGUAGE_STANDARD = gnu11;
				GCC_DYNAMIC_NO_PIC = NO;
				GCC_NO_COMMON_BLOCKS = YES;
				GCC_OPTIMIZATION_LEVEL = 0;
				GCC_PREPROCESSOR_DEFINITIONS = (
					"DEBUG=1",
					"$(inherited)",
				);
				GCC_WARN_64_TO_32_BIT_CONVERSION = YES;
				GCC_WARN_ABOUT_RETURN_TYPE = YES_ERROR;
				GCC_WARN_UNDECLARED_SELECTOR = YES;
				GCC_WARN_UNINITIALIZED_AUTOS = YES_AGGRESSIVE;
				GCC_WARN_UNUSED_FUNCTION = YES;
				GCC_WARN_UNUSED_VARIABLE = YES;
				IPHONEOS_DEPLOYMENT_TARGET = 11.4;
				MTL_ENABLE_DEBUG_INFO = YES;
				ONLY_ACTIVE_ARCH = YES;
				SDKROOT = iphoneos;
				SWIFT_ACTIVE_COMPILATION_CONDITIONS = DEBUG;
				SWIFT_OPTIMIZATION_LEVEL = "-Onone";
			};
			name = Debug;
		};
		54E4756A21071DE2008EF11D /* Release */ = {
			isa = XCBuildConfiguration;
			buildSettings = {
				ALWAYS_SEARCH_USER_PATHS = NO;
				CLANG_ANALYZER_NONNULL = YES;
				CLANG_ANALYZER_NUMBER_OBJECT_CONVERSION = YES_AGGRESSIVE;
				CLANG_CXX_LANGUAGE_STANDARD = "gnu++14";
				CLANG_CXX_LIBRARY = "libc++";
				CLANG_ENABLE_MODULES = YES;
				CLANG_ENABLE_OBJC_ARC = YES;
				CLANG_ENABLE_OBJC_WEAK = YES;
				CLANG_WARN_BLOCK_CAPTURE_AUTORELEASING = YES;
				CLANG_WARN_BOOL_CONVERSION = YES;
				CLANG_WARN_COMMA = YES;
				CLANG_WARN_CONSTANT_CONVERSION = YES;
				CLANG_WARN_DEPRECATED_OBJC_IMPLEMENTATIONS = YES;
				CLANG_WARN_DIRECT_OBJC_ISA_USAGE = YES_ERROR;
				CLANG_WARN_DOCUMENTATION_COMMENTS = YES;
				CLANG_WARN_EMPTY_BODY = YES;
				CLANG_WARN_ENUM_CONVERSION = YES;
				CLANG_WARN_INFINITE_RECURSION = YES;
				CLANG_WARN_INT_CONVERSION = YES;
				CLANG_WARN_NON_LITERAL_NULL_CONVERSION = YES;
				CLANG_WARN_OBJC_IMPLICIT_RETAIN_SELF = YES;
				CLANG_WARN_OBJC_LITERAL_CONVERSION = YES;
				CLANG_WARN_OBJC_ROOT_CLASS = YES_ERROR;
				CLANG_WARN_RANGE_LOOP_ANALYSIS = YES;
				CLANG_WARN_STRICT_PROTOTYPES = YES;
				CLANG_WARN_SUSPICIOUS_MOVE = YES;
				CLANG_WARN_UNGUARDED_AVAILABILITY = YES_AGGRESSIVE;
				CLANG_WARN_UNREACHABLE_CODE = YES;
				CLANG_WARN__DUPLICATE_METHOD_MATCH = YES;
				CODE_SIGN_IDENTITY = "iPhone Developer";
				COPY_PHASE_STRIP = NO;
				DEBUG_INFORMATION_FORMAT = "dwarf-with-dsym";
				ENABLE_NS_ASSERTIONS = NO;
				ENABLE_STRICT_OBJC_MSGSEND = YES;
				GCC_C_LANGUAGE_STANDARD = gnu11;
				GCC_NO_COMMON_BLOCKS = YES;
				GCC_WARN_64_TO_32_BIT_CONVERSION = YES;
				GCC_WARN_ABOUT_RETURN_TYPE = YES_ERROR;
				GCC_WARN_UNDECLARED_SELECTOR = YES;
				GCC_WARN_UNINITIALIZED_AUTOS = YES_AGGRESSIVE;
				GCC_WARN_UNUSED_FUNCTION = YES;
				GCC_WARN_UNUSED_VARIABLE = YES;
				IPHONEOS_DEPLOYMENT_TARGET = 11.4;
				MTL_ENABLE_DEBUG_INFO = NO;
				SDKROOT = iphoneos;
				SWIFT_COMPILATION_MODE = wholemodule;
				SWIFT_OPTIMIZATION_LEVEL = "-O";
				VALIDATE_PRODUCT = YES;
			};
			name = Release;
		};
		54E4756C21071DE2008EF11D /* Debug */ = {
			isa = XCBuildConfiguration;
			buildSettings = {
				ASSETCATALOG_COMPILER_APPICON_NAME = AppIcon;
				CODE_SIGN_STYLE = Automatic;
				DEVELOPMENT_TEAM = "";
				INFOPLIST_FILE = UnitTest99/Info.plist;
				LD_RUNPATH_SEARCH_PATHS = (
					"$(inherited)",
					"@executable_path/Frameworks",
				);
				PRODUCT_BUNDLE_IDENTIFIER = com.chung.chung.UnitTest99;
				PRODUCT_NAME = "$(TARGET_NAME)";
				SWIFT_VERSION = 4.0;
				TARGETED_DEVICE_FAMILY = "1,2";
			};
			name = Debug;
		};
		54E4756D21071DE2008EF11D /* Release */ = {
			isa = XCBuildConfiguration;
			buildSettings = {
				ASSETCATALOG_COMPILER_APPICON_NAME = AppIcon;
				CODE_SIGN_STYLE = Automatic;
				DEVELOPMENT_TEAM = "";
				INFOPLIST_FILE = UnitTest99/Info.plist;
				LD_RUNPATH_SEARCH_PATHS = (
					"$(inherited)",
					"@executable_path/Frameworks",
				);
				PRODUCT_BUNDLE_IDENTIFIER = com.chung.chung.UnitTest99;
				PRODUCT_NAME = "$(TARGET_NAME)";
				SWIFT_VERSION = 4.0;
				TARGETED_DEVICE_FAMILY = "1,2";
			};
			name = Release;
		};
		54E4756F21071DE2008EF11D /* Debug */ = {
			isa = XCBuildConfiguration;
			buildSettings = {
				ALWAYS_EMBED_SWIFT_STANDARD_LIBRARIES = YES;
				BUNDLE_LOADER = "$(TEST_HOST)";
				CODE_SIGN_STYLE = Automatic;
				DEVELOPMENT_TEAM = T35F5XYK9L;
				INFOPLIST_FILE = UnitTest99Tests/Info.plist;
				LD_RUNPATH_SEARCH_PATHS = (
					"$(inherited)",
					"@executable_path/Frameworks",
					"@loader_path/Frameworks",
				);
				PRODUCT_BUNDLE_IDENTIFIER = com.chung.chung.UnitTest99Tests;
				PRODUCT_NAME = "$(TARGET_NAME)";
				SWIFT_VERSION = 4.0;
				TARGETED_DEVICE_FAMILY = "1,2";
				TEST_HOST = "$(BUILT_PRODUCTS_DIR)/UnitTest99.app/UnitTest99";
			};
			name = Debug;
		};
		54E4757021071DE2008EF11D /* Release */ = {
			isa = XCBuildConfiguration;
			buildSettings = {
				ALWAYS_EMBED_SWIFT_STANDARD_LIBRARIES = YES;
				BUNDLE_LOADER = "$(TEST_HOST)";
				CODE_SIGN_STYLE = Automatic;
				DEVELOPMENT_TEAM = T35F5XYK9L;
				INFOPLIST_FILE = UnitTest99Tests/Info.plist;
				LD_RUNPATH_SEARCH_PATHS = (
					"$(inherited)",
					"@executable_path/Frameworks",
					"@loader_path/Frameworks",
				);
				PRODUCT_BUNDLE_IDENTIFIER = com.chung.chung.UnitTest99Tests;
				PRODUCT_NAME = "$(TARGET_NAME)";
				SWIFT_VERSION = 4.0;
				TARGETED_DEVICE_FAMILY = "1,2";
				TEST_HOST = "$(BUILT_PRODUCTS_DIR)/UnitTest99.app/UnitTest99";
			};
			name = Release;
		};
/* End XCBuildConfiguration section */

/* Begin XCConfigurationList section */
		54E4754921071DE0008EF11D /* Build configuration list for PBXProject "UnitTest99" */ = {
			isa = XCConfigurationList;
			buildConfigurations = (
				54E4756921071DE2008EF11D /* Debug */,
				54E4756A21071DE2008EF11D /* Release */,
			);
			defaultConfigurationIsVisible = 0;
			defaultConfigurationName = Release;
		};
		54E4756B21071DE2008EF11D /* Build configuration list for PBXNativeTarget "UnitTest99" */ = {
			isa = XCConfigurationList;
			buildConfigurations = (
				54E4756C21071DE2008EF11D /* Debug */,
				54E4756D21071DE2008EF11D /* Release */,
			);
			defaultConfigurationIsVisible = 0;
			defaultConfigurationName = Release;
		};
		54E4756E21071DE2008EF11D /* Build configuration list for PBXNativeTarget "UnitTest99Tests" */ = {
			isa = XCConfigurationList;
			buildConfigurations = (
				54E4756F21071DE2008EF11D /* Debug */,
				54E4757021071DE2008EF11D /* Release */,
			);
			defaultConfigurationIsVisible = 0;
			defaultConfigurationName = Release;
		};
/* End XCConfigurationList section */
	};
	rootObject = 54E4754621071DE0008EF11D /* Project object */;
}
